{
  "nodes": {
    "cachix": {
      "locked": {
        "lastModified": 1622969169,
        "narHash": "sha256-tn+rsNarZD3A1QgqLmsZmPloAAAg/CXki7+1ytf6cwQ=",
        "owner": "nixos",
        "repo": "nixpkgs",
        "rev": "b52409e65eb55d4f75ccf1561f4d87c1a43f7b2f",
        "type": "github"
      },
      "original": {
        "owner": "nixos",
        "ref": "nixos-20.09",
        "repo": "nixpkgs",
        "type": "github"
      }
    },
    "emacs-overlay": {
      "locked": {
        "lastModified": 1623089672,
        "narHash": "sha256-OcGg/mJIGVty9l0xGkdOldfm4dl8CHLfapX1zYyGSm8=",
        "owner": "nix-community",
        "repo": "emacs-overlay",
        "rev": "566fb7aea2aacf423c5132d0dbd3e02a9c6537c6",
        "type": "github"
      },
      "original": {
        "owner": "nix-community",
        "repo": "emacs-overlay",
        "type": "github"
      }
    },
    "flake-compat": {
      "flake": false,
      "locked": {
        "lastModified": 1606424373,
        "narHash": "sha256-oq8d4//CJOrVj+EcOaSXvMebvuTkmBJuT5tzlfewUnQ=",
        "owner": "edolstra",
        "repo": "flake-compat",
        "rev": "99f1c2157fba4bfe6211a321fd0ee43199025dbf",
        "type": "github"
      },
      "original": {
        "owner": "edolstra",
        "repo": "flake-compat",
        "type": "github"
      }
    },
    "flake-utils": {
      "locked": {
        "lastModified": 1610051610,
        "narHash": "sha256-U9rPz/usA1/Aohhk7Cmc2gBrEEKRzcW4nwPWMPwja4Y=",
        "owner": "numtide",
        "repo": "flake-utils",
        "rev": "3982c9903e93927c2164caa727cd3f6a0e6d14cc",
        "type": "github"
      },
      "original": {
        "owner": "numtide",
        "repo": "flake-utils",
        "type": "github"
      }
    },
    "home-manager": {
      "inputs": {
        "nixpkgs": [
          "nixpkgs"
        ]
      },
      "locked": {
        "lastModified": 1623103231,
        "narHash": "sha256-ns6p4FYqdMHmcaZZjNC1HhxApfxKlpAPbvbOzhiLbas=",
        "owner": "nix-community",
        "repo": "home-manager",
        "rev": "aa36e2d6b481a54b95fbddbecb76076e0f38eb89",
        "type": "github"
      },
      "original": {
        "owner": "nix-community",
        "repo": "home-manager",
        "type": "github"
      }
    },
    "my-nixpkgs": {
      "locked": {
        "lastModified": 1611855922,
        "narHash": "sha256-uLa+DdR3iPl957gb8wpuvyP+63BbmBE7luIOjvq598s=",
        "owner": "berbiche",
        "repo": "nixpkgs",
        "rev": "c1ee2f8d45acbe988ad4263a1dbaea9a83ebbe4d",
        "type": "github"
      },
      "original": {
        "owner": "berbiche",
        "ref": "init-xfce4-i3-workspaces-plugin",
        "repo": "nixpkgs",
        "type": "github"
      }
    },
    "my-nur": {
      "flake": false,
      "locked": {
        "lastModified": 1620274709,
        "narHash": "sha256-Do6FzyJ8UbN55BAgv0OVyjyxBwJ+gr+x3JQEOlT1/c0=",
        "owner": "berbiche",
        "repo": "nur-packages",
        "rev": "5fbe8b425db425b97441410139a2165f5e046644",
        "type": "github"
      },
      "original": {
        "owner": "berbiche",
        "repo": "nur-packages",
        "type": "github"
      }
    },
    "neovim-flake": {
      "inputs": {
        "flake-utils": "flake-utils",
        "nixpkgs": [
          "nixpkgs"
        ]
      },
      "locked": {
        "dir": "contrib",
        "lastModified": 1623003007,
        "narHash": "sha256-nTf/oG5HY0E2y9NqPLx8sam1addka0KHd2YHlbrmb2M=",
        "owner": "neovim",
        "repo": "neovim",
        "rev": "f2906a4669a2eef6d7bf86a29648793d63c98949",
        "type": "github"
      },
      "original": {
        "dir": "contrib",
        "owner": "neovim",
        "repo": "neovim",
        "type": "github"
      }
    },
    "neovim-nightly": {
      "inputs": {
        "flake-compat": "flake-compat",
        "neovim-flake": "neovim-flake",
        "nixpkgs": [
          "nixpkgs"
        ]
      },
      "locked": {
        "lastModified": 1623057523,
        "narHash": "sha256-TMuJZYdq29ObbXBjOzj/ggcjrfrK0GaCL3Nnc2rl/nc=",
        "owner": "nix-community",
        "repo": "neovim-nightly-overlay",
        "rev": "69a010fae35c40df7bef20c686a0b1f96a7e20f1",
        "type": "github"
      },
      "original": {
        "owner": "nix-community",
        "repo": "neovim-nightly-overlay",
        "type": "github"
      }
    },
    "nix-darwin": {
      "inputs": {
        "nixpkgs": [
          "nixpkgs"
        ]
      },
      "locked": {
        "lastModified": 1622060422,
        "narHash": "sha256-hPVlvrAyf6zL7tTx0lpK+tMxEfZeMiIZ/A2xaJ41WOY=",
        "owner": "LnL7",
        "repo": "nix-darwin",
        "rev": "007d700e644ac588ad6668e6439950a5b6e2ff64",
        "type": "github"
      },
      "original": {
        "owner": "LnL7",
        "repo": "nix-darwin",
        "type": "github"
      }
    },
    "nixpkgs": {
      "locked": {
        "lastModified": 1623056413,
        "narHash": "sha256-GiX5tPaoGSmFS/my8AQW3J3izDOtjOOad22OeXARinw=",
        "owner": "nixos",
        "repo": "nixpkgs",
        "rev": "41387135ddb01d84049d1931292cacabbde54a34",
        "type": "github"
      },
      "original": {
        "owner": "nixos",
        "ref": "nixpkgs-unstable",
        "repo": "nixpkgs",
        "type": "github"
      }
    },
    "nixpkgs-darwin": {
      "locked": {
        "lastModified": 1623056413,
        "narHash": "sha256-GiX5tPaoGSmFS/my8AQW3J3izDOtjOOad22OeXARinw=",
        "owner": "nixos",
        "repo": "nixpkgs",
        "rev": "41387135ddb01d84049d1931292cacabbde54a34",
        "type": "github"
      },
      "original": {
        "owner": "nixos",
        "ref": "nixpkgs-unstable",
        "repo": "nixpkgs",
        "type": "github"
      }
    },
    "nixpkgs-mozilla": {
      "flake": false,
      "locked": {
        "lastModified": 1622726979,
        "narHash": "sha256-JCBPZVQ4aGe3cmnQc1tjJRwaxqz1b60piQz+/F9CMtc=",
        "owner": "mozilla",
        "repo": "nixpkgs-mozilla",
        "rev": "3f3fba4e2066f28a1ad7ac60e86a688a92eb5b5f",
        "type": "github"
      },
      "original": {
        "owner": "mozilla",
        "repo": "nixpkgs-mozilla",
        "type": "github"
      }
    },
    "nixpkgs-wayland": {
      "inputs": {
        "cachix": "cachix",
        "nixpkgs": [
          "nixpkgs"
        ]
      },
      "locked": {
        "lastModified": 1623103005,
        "narHash": "sha256-ahB5SXRadadrMHP/XUwrgpRpssyZpaRU6wf5HG+EM/k=",
        "owner": "colemickens",
        "repo": "nixpkgs-wayland",
        "rev": "197ea0ba0bcd4777bcbb9f713f73ddbe5fa9cf87",
        "type": "github"
      },
      "original": {
        "owner": "colemickens",
        "repo": "nixpkgs-wayland",
        "type": "github"
      }
    },
    "nur": {
      "flake": false,
      "locked": {
        "lastModified": 1623103452,
        "narHash": "sha256-9c1pzCQp68c2FgurEMmZH0OVB1gEhWAEZ5x6Lymet2M=",
        "owner": "nix-community",
        "repo": "nur",
        "rev": "bffe6066ca02b0aff16da14fe74258420ef51ddc",
        "type": "github"
      },
      "original": {
        "owner": "nix-community",
        "repo": "nur",
        "type": "github"
      }
    },
    "root": {
      "inputs": {
        "emacs-overlay": "emacs-overlay",
        "home-manager": "home-manager",
        "my-nixpkgs": "my-nixpkgs",
        "my-nur": "my-nur",
        "neovim-nightly": "neovim-nightly",
        "nix-darwin": "nix-darwin",
        "nixpkgs": "nixpkgs",
        "nixpkgs-darwin": "nixpkgs-darwin",
        "nixpkgs-mozilla": "nixpkgs-mozilla",
        "nixpkgs-wayland": "nixpkgs-wayland",
        "nur": "nur"
      }
    }
  },
  "root": "root",
  "version": 7
}
