{
  "nodes": {
    "cachix": {
      "locked": {
        "lastModified": 1621718065,
        "narHash": "sha256-2xw+iyUzV3blVq0EQjL2Qhzpp3r9uCLzYQns4nW7m7Y=",
        "owner": "nixos",
        "repo": "nixpkgs",
        "rev": "ac60476ed94fd5424d9f3410c438825f793a8cbb",
        "type": "github"
      },
      "original": {
        "owner": "nixos",
        "ref": "nixos-20.09",
        "repo": "nixpkgs",
        "type": "github"
      }
    },
    "emacs-overlay": {
      "locked": {
        "lastModified": 1621740021,
        "narHash": "sha256-uLu8Zgrkbsq8mnl6LjbcMvItFyAaLH45Iik5qMmb9T0=",
        "owner": "nix-community",
        "repo": "emacs-overlay",
        "rev": "5df3462dda05d8e44669cf374776274e1bc47d0a",
        "type": "github"
      },
      "original": {
        "owner": "nix-community",
        "repo": "emacs-overlay",
        "type": "github"
      }
    },
    "flake-compat": {
      "flake": false,
      "locked": {
        "lastModified": 1606424373,
        "narHash": "sha256-oq8d4//CJOrVj+EcOaSXvMebvuTkmBJuT5tzlfewUnQ=",
        "owner": "edolstra",
        "repo": "flake-compat",
        "rev": "99f1c2157fba4bfe6211a321fd0ee43199025dbf",
        "type": "github"
      },
      "original": {
        "owner": "edolstra",
        "repo": "flake-compat",
        "type": "github"
      }
    },
    "flake-utils": {
      "locked": {
        "lastModified": 1610051610,
        "narHash": "sha256-U9rPz/usA1/Aohhk7Cmc2gBrEEKRzcW4nwPWMPwja4Y=",
        "owner": "numtide",
        "repo": "flake-utils",
        "rev": "3982c9903e93927c2164caa727cd3f6a0e6d14cc",
        "type": "github"
      },
      "original": {
        "owner": "numtide",
        "repo": "flake-utils",
        "type": "github"
      }
    },
    "home-manager": {
      "inputs": {
        "nixpkgs": [
          "nixpkgs"
        ]
      },
      "locked": {
        "lastModified": 1621794721,
        "narHash": "sha256-JXfTSZUu9EVbT9D/MFsx0cXfa8bw1NFCzIxZ7gO73Uo=",
        "owner": "nix-community",
        "repo": "home-manager",
        "rev": "90493027e33ba9eb3f50dc1da365d0e4ca31bf14",
        "type": "github"
      },
      "original": {
        "owner": "nix-community",
        "repo": "home-manager",
        "type": "github"
      }
    },
    "my-nixpkgs": {
      "locked": {
        "lastModified": 1611855922,
        "narHash": "sha256-uLa+DdR3iPl957gb8wpuvyP+63BbmBE7luIOjvq598s=",
        "owner": "berbiche",
        "repo": "nixpkgs",
        "rev": "c1ee2f8d45acbe988ad4263a1dbaea9a83ebbe4d",
        "type": "github"
      },
      "original": {
        "owner": "berbiche",
        "ref": "init-xfce4-i3-workspaces-plugin",
        "repo": "nixpkgs",
        "type": "github"
      }
    },
    "my-nur": {
      "flake": false,
      "locked": {
        "lastModified": 1620274709,
        "narHash": "sha256-Do6FzyJ8UbN55BAgv0OVyjyxBwJ+gr+x3JQEOlT1/c0=",
        "owner": "berbiche",
        "repo": "nur-packages",
        "rev": "5fbe8b425db425b97441410139a2165f5e046644",
        "type": "github"
      },
      "original": {
        "owner": "berbiche",
        "repo": "nur-packages",
        "type": "github"
      }
    },
    "neovim-flake": {
      "inputs": {
        "flake-utils": "flake-utils",
        "nixpkgs": [
          "nixpkgs"
        ]
      },
      "locked": {
        "dir": "contrib",
        "lastModified": 1621889954,
        "narHash": "sha256-IxUla/vJu1h0Dlx1j++8ymkXpZA57eGBvjU4WU7+kw0=",
        "owner": "neovim",
        "repo": "neovim",
        "rev": "a282a177d3320db25fa8f854cbcdbe0bc6abde7f",
        "type": "github"
      },
      "original": {
        "dir": "contrib",
        "owner": "neovim",
        "repo": "neovim",
        "type": "github"
      }
    },
    "neovim-nightly": {
      "inputs": {
        "flake-compat": "flake-compat",
        "neovim-flake": "neovim-flake",
        "nixpkgs": [
          "nixpkgs"
        ]
      },
      "locked": {
        "lastModified": 1621930873,
        "narHash": "sha256-A1JvtwHzNsAmD42SL6BneAwDxrc8K+g+ULoYzfQgQsw=",
        "owner": "nix-community",
        "repo": "neovim-nightly-overlay",
        "rev": "125b7af69ec99e79749877cd820d614f35a64a29",
        "type": "github"
      },
      "original": {
        "owner": "nix-community",
        "repo": "neovim-nightly-overlay",
        "type": "github"
      }
    },
    "nix-darwin": {
      "inputs": {
        "nixpkgs": [
          "nixpkgs"
        ]
      },
      "locked": {
        "lastModified": 1617693609,
        "narHash": "sha256-/+6wm08yHK8mhyljzELD4WE9Gh8XUVbHL0R1TQpZtTQ=",
        "owner": "LnL7",
        "repo": "nix-darwin",
        "rev": "a7492a8c76dcc702d0a65cd820a5f9baa8702684",
        "type": "github"
      },
      "original": {
        "owner": "LnL7",
        "repo": "nix-darwin",
        "type": "github"
      }
    },
    "nixpkgs": {
      "locked": {
        "lastModified": 1621714816,
        "narHash": "sha256-u6Rhw+1uwaTXThZWuySv9JPXzNuKI9Fmj36g4kb2Ojc=",
        "owner": "nixos",
        "repo": "nixpkgs",
        "rev": "278bcdce1f0da616661a6205161b13bd89a2f3bf",
        "type": "github"
      },
      "original": {
        "owner": "nixos",
        "ref": "nixpkgs-unstable",
        "repo": "nixpkgs",
        "type": "github"
      }
    },
    "nixpkgs-darwin": {
      "locked": {
        "lastModified": 1621714816,
        "narHash": "sha256-u6Rhw+1uwaTXThZWuySv9JPXzNuKI9Fmj36g4kb2Ojc=",
        "owner": "nixos",
        "repo": "nixpkgs",
        "rev": "278bcdce1f0da616661a6205161b13bd89a2f3bf",
        "type": "github"
      },
      "original": {
        "owner": "nixos",
        "ref": "nixpkgs-unstable",
        "repo": "nixpkgs",
        "type": "github"
      }
    },
    "nixpkgs-mozilla": {
      "flake": false,
      "locked": {
        "lastModified": 1603906276,
        "narHash": "sha256-RsNPnEKd7BcogwkqhaV5kI/HuNC4flH/OQCC/4W5y/8=",
        "owner": "mozilla",
        "repo": "nixpkgs-mozilla",
        "rev": "8c007b60731c07dd7a052cce508de3bb1ae849b4",
        "type": "github"
      },
      "original": {
        "owner": "mozilla",
        "repo": "nixpkgs-mozilla",
        "type": "github"
      }
    },
    "nixpkgs-wayland": {
      "inputs": {
        "cachix": "cachix",
        "nixpkgs": [
          "nixpkgs"
        ]
      },
      "locked": {
        "lastModified": 1621970293,
        "narHash": "sha256-87SEsR5r3ro+OJSOzUEB4E5LdcTvAqK0VoIXGb+NRiM=",
        "owner": "colemickens",
        "repo": "nixpkgs-wayland",
        "rev": "1ba4b70cf411f9dad1c7f74e5d64d7845a7a93ed",
        "type": "github"
      },
      "original": {
        "owner": "colemickens",
        "repo": "nixpkgs-wayland",
        "type": "github"
      }
    },
    "nur": {
      "flake": false,
      "locked": {
        "lastModified": 1621971156,
        "narHash": "sha256-aUuAun/gn+epaYeTCGeH4pv2itUjxqcl10X9R5wjzxI=",
        "owner": "nix-community",
        "repo": "nur",
        "rev": "2f638e28da3f2fc22639732fb88856f1e82cade2",
        "type": "github"
      },
      "original": {
        "owner": "nix-community",
        "repo": "nur",
        "type": "github"
      }
    },
    "root": {
      "inputs": {
        "emacs-overlay": "emacs-overlay",
        "home-manager": "home-manager",
        "my-nixpkgs": "my-nixpkgs",
        "my-nur": "my-nur",
        "neovim-nightly": "neovim-nightly",
        "nix-darwin": "nix-darwin",
        "nixpkgs": "nixpkgs",
        "nixpkgs-darwin": "nixpkgs-darwin",
        "nixpkgs-mozilla": "nixpkgs-mozilla",
        "nixpkgs-wayland": "nixpkgs-wayland",
        "nur": "nur"
      }
    }
  },
  "root": "root",
  "version": 7
}
