{
  "nodes": {
    "cachix": {
      "locked": {
        "lastModified": 1622197592,
        "narHash": "sha256-MS2v6/oDzW5uej8fnjg0v//WWVvEdNooP4plG2AdMGQ=",
        "owner": "nixos",
        "repo": "nixpkgs",
        "rev": "85960bea533dc2d89dff8836d8a0a1239ddd5c9c",
        "type": "github"
      },
      "original": {
        "owner": "nixos",
        "ref": "nixos-20.09",
        "repo": "nixpkgs",
        "type": "github"
      }
    },
    "emacs-overlay": {
      "locked": {
        "lastModified": 1621740021,
        "narHash": "sha256-uLu8Zgrkbsq8mnl6LjbcMvItFyAaLH45Iik5qMmb9T0=",
        "owner": "nix-community",
        "repo": "emacs-overlay",
        "rev": "5df3462dda05d8e44669cf374776274e1bc47d0a",
        "type": "github"
      },
      "original": {
        "owner": "nix-community",
        "repo": "emacs-overlay",
        "type": "github"
      }
    },
    "flake-compat": {
      "flake": false,
      "locked": {
        "lastModified": 1606424373,
        "narHash": "sha256-oq8d4//CJOrVj+EcOaSXvMebvuTkmBJuT5tzlfewUnQ=",
        "owner": "edolstra",
        "repo": "flake-compat",
        "rev": "99f1c2157fba4bfe6211a321fd0ee43199025dbf",
        "type": "github"
      },
      "original": {
        "owner": "edolstra",
        "repo": "flake-compat",
        "type": "github"
      }
    },
    "flake-utils": {
      "locked": {
        "lastModified": 1610051610,
        "narHash": "sha256-U9rPz/usA1/Aohhk7Cmc2gBrEEKRzcW4nwPWMPwja4Y=",
        "owner": "numtide",
        "repo": "flake-utils",
        "rev": "3982c9903e93927c2164caa727cd3f6a0e6d14cc",
        "type": "github"
      },
      "original": {
        "owner": "numtide",
        "repo": "flake-utils",
        "type": "github"
      }
    },
    "home-manager": {
      "inputs": {
        "nixpkgs": [
          "nixpkgs"
        ]
      },
      "locked": {
        "lastModified": 1622312560,
        "narHash": "sha256-xBWgiwnPaL/iZasPxw3BuvPAee/2jiToiZjKvKLs+PA=",
        "owner": "nix-community",
        "repo": "home-manager",
        "rev": "ab64dc32493996c24607eab2cae6663466ddfb8a",
        "type": "github"
      },
      "original": {
        "owner": "nix-community",
        "repo": "home-manager",
        "type": "github"
      }
    },
    "my-nixpkgs": {
      "locked": {
        "lastModified": 1611855922,
        "narHash": "sha256-uLa+DdR3iPl957gb8wpuvyP+63BbmBE7luIOjvq598s=",
        "owner": "berbiche",
        "repo": "nixpkgs",
        "rev": "c1ee2f8d45acbe988ad4263a1dbaea9a83ebbe4d",
        "type": "github"
      },
      "original": {
        "owner": "berbiche",
        "ref": "init-xfce4-i3-workspaces-plugin",
        "repo": "nixpkgs",
        "type": "github"
      }
    },
    "my-nur": {
      "flake": false,
      "locked": {
        "lastModified": 1620274709,
        "narHash": "sha256-Do6FzyJ8UbN55BAgv0OVyjyxBwJ+gr+x3JQEOlT1/c0=",
        "owner": "berbiche",
        "repo": "nur-packages",
        "rev": "5fbe8b425db425b97441410139a2165f5e046644",
        "type": "github"
      },
      "original": {
        "owner": "berbiche",
        "repo": "nur-packages",
        "type": "github"
      }
    },
    "neovim-flake": {
      "inputs": {
        "flake-utils": "flake-utils",
        "nixpkgs": [
          "nixpkgs"
        ]
      },
      "locked": {
        "dir": "contrib",
        "lastModified": 1622215488,
        "narHash": "sha256-Zd1ddYAFH5FG2zyu4oGDSFiZVLz4qR8JS5Lh1tCLYJs=",
        "owner": "neovim",
        "repo": "neovim",
        "rev": "43956dea55a49a847a0f2e5d9e0f48384cb34635",
        "type": "github"
      },
      "original": {
        "dir": "contrib",
        "owner": "neovim",
        "repo": "neovim",
        "type": "github"
      }
    },
    "neovim-nightly": {
      "inputs": {
        "flake-compat": "flake-compat",
        "neovim-flake": "neovim-flake",
        "nixpkgs": [
          "nixpkgs"
        ]
      },
      "locked": {
        "lastModified": 1622278515,
        "narHash": "sha256-UeiYxQQ1EHWAYXG6mI9SgmUnkWMtmYAusGA+YHCUTis=",
        "owner": "nix-community",
        "repo": "neovim-nightly-overlay",
        "rev": "6ec985ff0bc35596343eecdbb9d430a17eda0751",
        "type": "github"
      },
      "original": {
        "owner": "nix-community",
        "repo": "neovim-nightly-overlay",
        "type": "github"
      }
    },
    "nix-darwin": {
      "inputs": {
        "nixpkgs": [
          "nixpkgs"
        ]
      },
      "locked": {
        "lastModified": 1622060422,
        "narHash": "sha256-hPVlvrAyf6zL7tTx0lpK+tMxEfZeMiIZ/A2xaJ41WOY=",
        "owner": "LnL7",
        "repo": "nix-darwin",
        "rev": "007d700e644ac588ad6668e6439950a5b6e2ff64",
        "type": "github"
      },
      "original": {
        "owner": "LnL7",
        "repo": "nix-darwin",
        "type": "github"
      }
    },
    "nixpkgs": {
      "locked": {
        "lastModified": 1622059058,
        "narHash": "sha256-t1/ZMtyxClVSfcV4Pt5C1YpkeJ/UwFF3oitLD7Ch/UA=",
        "owner": "nixos",
        "repo": "nixpkgs",
        "rev": "84aa23742f6c72501f9cc209f29c438766f5352d",
        "type": "github"
      },
      "original": {
        "owner": "nixos",
        "ref": "nixpkgs-unstable",
        "repo": "nixpkgs",
        "type": "github"
      }
    },
    "nixpkgs-darwin": {
      "locked": {
        "lastModified": 1622059058,
        "narHash": "sha256-t1/ZMtyxClVSfcV4Pt5C1YpkeJ/UwFF3oitLD7Ch/UA=",
        "owner": "nixos",
        "repo": "nixpkgs",
        "rev": "84aa23742f6c72501f9cc209f29c438766f5352d",
        "type": "github"
      },
      "original": {
        "owner": "nixos",
        "ref": "nixpkgs-unstable",
        "repo": "nixpkgs",
        "type": "github"
      }
    },
    "nixpkgs-mozilla": {
      "flake": false,
      "locked": {
        "lastModified": 1603906276,
        "narHash": "sha256-RsNPnEKd7BcogwkqhaV5kI/HuNC4flH/OQCC/4W5y/8=",
        "owner": "mozilla",
        "repo": "nixpkgs-mozilla",
        "rev": "8c007b60731c07dd7a052cce508de3bb1ae849b4",
        "type": "github"
      },
      "original": {
        "owner": "mozilla",
        "repo": "nixpkgs-mozilla",
        "type": "github"
      }
    },
    "nixpkgs-wayland": {
      "inputs": {
        "cachix": "cachix",
        "nixpkgs": [
          "nixpkgs"
        ]
      },
      "locked": {
        "lastModified": 1622236088,
        "narHash": "sha256-8QV787sy/a70PaeJI+xSGcBmqNOIRQ3R44WxM5L4LYs=",
        "owner": "colemickens",
        "repo": "nixpkgs-wayland",
        "rev": "4ada54975c5577caa71e4159e04dc2c573412f9f",
        "type": "github"
      },
      "original": {
        "owner": "colemickens",
        "repo": "nixpkgs-wayland",
        "type": "github"
      }
    },
    "nur": {
      "flake": false,
      "locked": {
        "lastModified": 1622313197,
        "narHash": "sha256-Z8QP98/SFo6juqnlCcbM0h6bIO5cNP4K8S3ovH6f6SI=",
        "owner": "nix-community",
        "repo": "nur",
        "rev": "dd007d8e88e9affa8320bffd8294778065433cbd",
        "type": "github"
      },
      "original": {
        "owner": "nix-community",
        "repo": "nur",
        "type": "github"
      }
    },
    "root": {
      "inputs": {
        "emacs-overlay": "emacs-overlay",
        "home-manager": "home-manager",
        "my-nixpkgs": "my-nixpkgs",
        "my-nur": "my-nur",
        "neovim-nightly": "neovim-nightly",
        "nix-darwin": "nix-darwin",
        "nixpkgs": "nixpkgs",
        "nixpkgs-darwin": "nixpkgs-darwin",
        "nixpkgs-mozilla": "nixpkgs-mozilla",
        "nixpkgs-wayland": "nixpkgs-wayland",
        "nur": "nur"
      }
    }
  },
  "root": "root",
  "version": 7
}
